# This file is generated by running "yarn install" inside your project.
# Manual changes might be lost - proceed with caution!

__metadata:
  version: 6
  cacheKey: 8

"asap@npm:~2.0.3":
  version: 2.0.6
  resolution: "asap@npm:2.0.6"
  checksum: b296c92c4b969e973260e47523207cd5769abd27c245a68c26dc7a0fe8053c55bb04360237cb51cab1df52be939da77150ace99ad331fb7fb13b3423ed73ff3d
  languageName: node
  linkType: hard

"core-js@npm:^1.0.0":
  version: 1.2.7
  resolution: "core-js@npm:1.2.7"
  checksum: 0b76371bfa98708351cde580f9287e2360d2209920e738ae950ae74ad08639a2e063541020bf666c28778956fc356ed9fe56d962129c88a87a6a4a0612526c75
  languageName: node
  linkType: hard

"encoding@npm:^0.1.11":
  version: 0.1.12
  resolution: "encoding@npm:0.1.12"
  dependencies:
    iconv-lite: ~0.4.13
  checksum: 96df688a93821e866bea19dd689863b1f9e07ef1c15321dde1fbcb8008ed7c785c48b248c4def01367780d2637c459b8ffa988de9647afe4200b003b1ac369ef
  languageName: node
  linkType: hard

"fbjs@npm:^0.8.16":
  version: 0.8.16
  resolution: "fbjs@npm:0.8.16"
  dependencies:
    core-js: ^1.0.0
    isomorphic-fetch: ^2.1.1
    loose-envify: ^1.0.0
    object-assign: ^4.1.0
    promise: ^7.1.1
    setimmediate: ^1.0.5
    ua-parser-js: ^0.7.9
  checksum: 683099003899b541a2eeef85a0887808b9c46e88238d58573f6901f588f1a825a7cf3cc310dbefb4aa758743e46509e692583c3ee37eaaa393e5a586051795c3
  languageName: node
  linkType: hard

"iconv-lite@npm:~0.4.13":
  version: 0.4.19
  resolution: "iconv-lite@npm:0.4.19"
  checksum: 74a10d6e71d46ecfef47089588f351ea2d2ae9a7b88536ae16b27293799bf709ca20022da4370e562e76f8558321241115c8f54c5a64f68b27b96ad3d2569dba
  languageName: node
  linkType: hard

"is-stream@npm:^1.0.1":
  version: 1.1.0
  resolution: "is-stream@npm:1.1.0"
  checksum: 063c6bec9d5647aa6d42108d4c59723d2bd4ae42135a2d4db6eadbd49b7ea05b750fd69d279e5c7c45cf9da753ad2c00d8978be354d65aa9f6bb434969c6a2ae
  languageName: node
  linkType: hard

"isomorphic-fetch@npm:^2.1.1":
  version: 2.2.1
  resolution: "isomorphic-fetch@npm:2.2.1"
  dependencies:
    node-fetch: ^1.0.1
    whatwg-fetch: ">=0.10.0"
  checksum: bb5daa7c3785d6742f4379a81e55b549a469503f7c9bf9411b48592e86632cf5e8fe8ea878dba185c0f33eb7c510c23abdeb55aebfdf5d3c70f031ced68c5424
  languageName: node
  linkType: hard

"js-tokens@npm:^3.0.0":
  version: 3.0.2
  resolution: "js-tokens@npm:3.0.2"
  checksum: ff24cf90e6e4ac446eba56e604781c1aaf3bdaf9b13a00596a0ebd972fa3b25dc83c0f0f67289c33252abb4111e0d14e952a5d9ffb61f5c22532d555ebd8d8a9
  languageName: node
  linkType: hard

"loose-envify@npm:^1.0.0, loose-envify@npm:^1.3.1":
  version: 1.3.1
  resolution: "loose-envify@npm:1.3.1"
  dependencies:
    js-tokens: ^3.0.0
  bin:
    loose-envify: cli.js
  checksum: 9d326973767fb96e4da04a3b622981945bec4bce3c7dc943f94d989dac2c108b02fcb8c7567f4e8ec45a026dfae1c8ac53efb923a8aec3f91422843732e65568
  languageName: node
  linkType: hard

"node-fetch@npm:^1.0.1":
  version: 1.7.3
  resolution: "node-fetch@npm:1.7.3"
  dependencies:
    encoding: ^0.1.11
    is-stream: ^1.0.1
  checksum: 3bb0528c05d541316ebe52770d71ee25a6dce334df4231fd55df41a644143e07f068637488c18a5b0c43f05041dbd3346752f9e19b50df50569a802484544d5b
  languageName: node
  linkType: hard

"object-assign@npm:^4.1.0, object-assign@npm:^4.1.1":
  version: 4.1.1
  resolution: "object-assign@npm:4.1.1"
  checksum: fcc6e4ea8c7fe48abfbb552578b1c53e0d194086e2e6bbbf59e0a536381a292f39943c6e9628af05b5528aa5e3318bb30d6b2e53cadaf5b8fe9e12c4b69af23f
  languageName: node
  linkType: hard

"promise@npm:^7.1.1":
  version: 7.3.1
  resolution: "promise@npm:7.3.1"
  dependencies:
    asap: ~2.0.3
  checksum: 475bb069130179fbd27ed2ab45f26d8862376a137a57314cf53310bdd85cc986a826fd585829be97ebc0aaf10e9d8e68be1bfe5a4a0364144b1f9eedfa940cf1
  languageName: node
  linkType: hard

"prop-types@npm:^15.6.0":
  version: 15.6.0
  resolution: "prop-types@npm:15.6.0"
  dependencies:
    fbjs: ^0.8.16
    loose-envify: ^1.3.1
    object-assign: ^4.1.1
  checksum: 77c1f297fdd3b5eaba70aed24429a2d83881216626b6d244cf189256b6913217fc35bf38947f5b9e190a017d49f0d121d8f202f67cb9ec43c0c78b00039725c4
  languageName: node
  linkType: hard

"react-native-effects-view@workspace:.":
  version: 0.0.0-use.local
  resolution: "react-native-effects-view@workspace:."
  dependencies:
    prop-types: ^15.6.0
  peerDependencies:
    react-native: ">=0.30"
  languageName: unknown
  linkType: soft

"setimmediate@npm:^1.0.5":
  version: 1.0.5
  resolution: "setimmediate@npm:1.0.5"
  checksum: c9a6f2c5b51a2dabdc0247db9c46460152ffc62ee139f3157440bd48e7c59425093f42719ac1d7931f054f153e2d26cf37dfeb8da17a794a58198a2705e527fd
  languageName: node
  linkType: hard

"ua-parser-js@npm:^0.7.9":
  version: 0.7.17
  resolution: "ua-parser-js@npm:0.7.17"
  checksum: 0075370877febc47b1f65d727e44bb4c95c60af7487e939fd92b2f105ac7b579ac21659e1b57ff399ffb2cf954c7e039fb7089f83f4796bce339524ce42b059c
  languageName: node
  linkType: hard

"whatwg-fetch@npm:>=0.10.0":
  version: 2.0.3
  resolution: "whatwg-fetch@npm:2.0.3"
  checksum: b2b1c94900e51afee17a5a6d05d8058f4dbb7d10868f0f016fff2dbf3a212098e01f8f4bc7d93c7c91b0a6c42f248a1d23c7bec869f2f8c7d6cec5bc4b704d07
  languageName: node
  linkType: hard
